
Microsoft Visual Studio Solution File, Format Version 12.00
# Visual Studio Version 16
VisualStudioVersion = 16.0.30907.101
MinimumVisualStudioVersion = 10.0.40219.1
Project("{FAE04EC0-301F-11D3-BF4B-00C04F79EFBC}") = "sistema de ventas", "sistema de ventas\sistema de ventas.csproj", "{6FE18C92-6BCA-499D-83E1-C3A4F997A81E}"
EndProject
Global
	GlobalSection(SolutionConfigurationPlatforms) = preSolution
		Debug|Any CPU = Debug|Any CPU
		Release|Any CPU = Release|Any CPU
	EndGlobalSection
	GlobalSection(ProjectConfigurationPlatforms) = postSolution
		{6FE18C92-6BCA-499D-83E1-C3A4F997A81E}.Debug|Any CPU.ActiveCfg = Debug|Any CPU
		{6FE18C92-6BCA-499D-83E1-C3A4F997A81E}.Debug|Any CPU.Build.0 = Debug|Any CPU
		{6FE18C92-6BCA-499D-83E1-C3A4F997A81E}.Release|Any CPU.ActiveCfg = Release|Any CPU
		{6FE18C92-6BCA-499D-83E1-C3A4F997A81E}.Release|Any CPU.Build.0 = Release|Any CPU
	EndGlobalSection
	GlobalSection(SolutionProperties) = preSolution
		HideSolutionNode = FALSE
	EndGlobalSection
	GlobalSection(ExtensibilityGlobals) = postSolution
		SolutionGuid = {610423DA-A73B-4C0F-8A16-6C9B583C9156}
	EndGlobalSection
EndGlobal
